
Microsoft Visual Studio Solution File, Format Version 12.00
# Visual Studio 2012
Project("{FAE04EC0-301F-11D3-BF4B-00C04F79EFBC}") = "StudentService", "StudentService\StudentService.csproj", "{7B6875BC-38E3-4132-8065-07294B9662B5}"
EndProject
Project("{FAE04EC0-301F-11D3-BF4B-00C04F79EFBC}") = "StudentHost", "StudentHost\StudentHost.csproj", "{DFFAED1C-E62A-4556-89E0-33484F68EEFA}"
EndProject
Global
	GlobalSection(SolutionConfigurationPlatforms) = preSolution
		Debug|Any CPU = Debug|Any CPU
		Release|Any CPU = Release|Any CPU
	EndGlobalSection
	GlobalSection(ProjectConfigurationPlatforms) = postSolution
		{7B6875BC-38E3-4132-8065-07294B9662B5}.Debug|Any CPU.ActiveCfg = Debug|Any CPU
		{7B6875BC-38E3-4132-8065-07294B9662B5}.Debug|Any CPU.Build.0 = Debug|Any CPU
		{7B6875BC-38E3-4132-8065-07294B9662B5}.Release|Any CPU.ActiveCfg = Release|Any CPU
		{7B6875BC-38E3-4132-8065-07294B9662B5}.Release|Any CPU.Build.0 = Release|Any CPU
		{DFFAED1C-E62A-4556-89E0-33484F68EEFA}.Debug|Any CPU.ActiveCfg = Debug|Any CPU
		{DFFAED1C-E62A-4556-89E0-33484F68EEFA}.Debug|Any CPU.Build.0 = Debug|Any CPU
		{DFFAED1C-E62A-4556-89E0-33484F68EEFA}.Release|Any CPU.ActiveCfg = Release|Any CPU
		{DFFAED1C-E62A-4556-89E0-33484F68EEFA}.Release|Any CPU.Build.0 = Release|Any CPU
	EndGlobalSection
	GlobalSection(SolutionProperties) = preSolution
		HideSolutionNode = FALSE
	EndGlobalSection
EndGlobal
