
Microsoft Visual Studio Solution File, Format Version 12.00
# Visual Studio 2012
Project("{FAE04EC0-301F-11D3-BF4B-00C04F79EFBC}") = "CompanyService", "CompanyService\CompanyService.csproj", "{A948979B-C39C-4F98-897D-4B203D68319C}"
EndProject
Project("{FAE04EC0-301F-11D3-BF4B-00C04F79EFBC}") = "CompanyServiceHost", "CompanyServiceHost\CompanyServiceHost.csproj", "{0F4FBEC0-F366-4823-9F57-B59B7350AD0F}"
EndProject
Project("{2150E333-8FDC-42A3-9474-1A3956D46DE8}") = "Solution Items", "Solution Items", "{D3C10D19-BB0A-4DE6-8790-786724BD890A}"
	ProjectSection(SolutionItems) = preProject
		Desc.txt = Desc.txt
	EndProjectSection
EndProject
Global
	GlobalSection(SolutionConfigurationPlatforms) = preSolution
		Debug|Any CPU = Debug|Any CPU
		Release|Any CPU = Release|Any CPU
	EndGlobalSection
	GlobalSection(ProjectConfigurationPlatforms) = postSolution
		{A948979B-C39C-4F98-897D-4B203D68319C}.Debug|Any CPU.ActiveCfg = Debug|Any CPU
		{A948979B-C39C-4F98-897D-4B203D68319C}.Debug|Any CPU.Build.0 = Debug|Any CPU
		{A948979B-C39C-4F98-897D-4B203D68319C}.Release|Any CPU.ActiveCfg = Release|Any CPU
		{A948979B-C39C-4F98-897D-4B203D68319C}.Release|Any CPU.Build.0 = Release|Any CPU
		{0F4FBEC0-F366-4823-9F57-B59B7350AD0F}.Debug|Any CPU.ActiveCfg = Debug|Any CPU
		{0F4FBEC0-F366-4823-9F57-B59B7350AD0F}.Debug|Any CPU.Build.0 = Debug|Any CPU
		{0F4FBEC0-F366-4823-9F57-B59B7350AD0F}.Release|Any CPU.ActiveCfg = Release|Any CPU
		{0F4FBEC0-F366-4823-9F57-B59B7350AD0F}.Release|Any CPU.Build.0 = Release|Any CPU
	EndGlobalSection
	GlobalSection(SolutionProperties) = preSolution
		HideSolutionNode = FALSE
	EndGlobalSection
EndGlobal
