
Microsoft Visual Studio Solution File, Format Version 12.00
# Visual Studio 2012
Project("{FAE04EC0-301F-11D3-BF4B-00C04F79EFBC}") = "HelloService", "HelloService\HelloService.csproj", "{2429112A-02AE-4760-8D7F-7FC8CC26FD69}"
EndProject
Project("{2150E333-8FDC-42A3-9474-1A3956D46DE8}") = "Solution Items", "Solution Items", "{433B289A-5CCB-44BA-A9B6-92EA6796FD64}"
	ProjectSection(SolutionItems) = preProject
		Desc.txt = Desc.txt
		Run.txt = Run.txt
	EndProjectSection
EndProject
Project("{FAE04EC0-301F-11D3-BF4B-00C04F79EFBC}") = "HelloServiceHost", "HelloServiceHost\HelloServiceHost.csproj", "{26D93FB1-5F41-46D5-B7BB-CFCCF88702CB}"
EndProject
Project("{FAE04EC0-301F-11D3-BF4B-00C04F79EFBC}") = "HelloWebClient", "HelloWebClient\HelloWebClient.csproj", "{4E7FA297-5041-48F6-85F5-36D6839F2D1A}"
EndProject
Project("{FAE04EC0-301F-11D3-BF4B-00C04F79EFBC}") = "HelloServiceHost.Tests", "HelloServiceHost.Tests\HelloServiceHost.Tests.csproj", "{F70B2AC0-E9FE-4E2D-9259-5EDAA5B0B549}"
EndProject
Global
	GlobalSection(SolutionConfigurationPlatforms) = preSolution
		Debug|Any CPU = Debug|Any CPU
		Release|Any CPU = Release|Any CPU
	EndGlobalSection
	GlobalSection(ProjectConfigurationPlatforms) = postSolution
		{2429112A-02AE-4760-8D7F-7FC8CC26FD69}.Debug|Any CPU.ActiveCfg = Debug|Any CPU
		{2429112A-02AE-4760-8D7F-7FC8CC26FD69}.Debug|Any CPU.Build.0 = Debug|Any CPU
		{2429112A-02AE-4760-8D7F-7FC8CC26FD69}.Release|Any CPU.ActiveCfg = Release|Any CPU
		{2429112A-02AE-4760-8D7F-7FC8CC26FD69}.Release|Any CPU.Build.0 = Release|Any CPU
		{26D93FB1-5F41-46D5-B7BB-CFCCF88702CB}.Debug|Any CPU.ActiveCfg = Debug|Any CPU
		{26D93FB1-5F41-46D5-B7BB-CFCCF88702CB}.Debug|Any CPU.Build.0 = Debug|Any CPU
		{26D93FB1-5F41-46D5-B7BB-CFCCF88702CB}.Release|Any CPU.ActiveCfg = Release|Any CPU
		{26D93FB1-5F41-46D5-B7BB-CFCCF88702CB}.Release|Any CPU.Build.0 = Release|Any CPU
		{4E7FA297-5041-48F6-85F5-36D6839F2D1A}.Debug|Any CPU.ActiveCfg = Debug|Any CPU
		{4E7FA297-5041-48F6-85F5-36D6839F2D1A}.Debug|Any CPU.Build.0 = Debug|Any CPU
		{4E7FA297-5041-48F6-85F5-36D6839F2D1A}.Release|Any CPU.ActiveCfg = Release|Any CPU
		{4E7FA297-5041-48F6-85F5-36D6839F2D1A}.Release|Any CPU.Build.0 = Release|Any CPU
		{F70B2AC0-E9FE-4E2D-9259-5EDAA5B0B549}.Debug|Any CPU.ActiveCfg = Debug|Any CPU
		{F70B2AC0-E9FE-4E2D-9259-5EDAA5B0B549}.Debug|Any CPU.Build.0 = Debug|Any CPU
		{F70B2AC0-E9FE-4E2D-9259-5EDAA5B0B549}.Release|Any CPU.ActiveCfg = Release|Any CPU
		{F70B2AC0-E9FE-4E2D-9259-5EDAA5B0B549}.Release|Any CPU.Build.0 = Release|Any CPU
	EndGlobalSection
	GlobalSection(SolutionProperties) = preSolution
		HideSolutionNode = FALSE
	EndGlobalSection
EndGlobal
