
Microsoft Visual Studio Solution File, Format Version 12.00
# Visual Studio 2012
Project("{FAE04EC0-301F-11D3-BF4B-00C04F79EFBC}") = "02_WebServicesDemo", "02_WebServicesDemo\02_WebServicesDemo.csproj", "{47CF2F42-B11F-428F-BB59-7C9727F23C7D}"
EndProject
Project("{FAE04EC0-301F-11D3-BF4B-00C04F79EFBC}") = "02_HelloWebApplication", "02_HelloWebApplication\02_HelloWebApplication.csproj", "{0D536915-4E91-46DB-8235-5F4C7CC1065F}"
	ProjectSection(ProjectDependencies) = postProject
		{47CF2F42-B11F-428F-BB59-7C9727F23C7D} = {47CF2F42-B11F-428F-BB59-7C9727F23C7D}
	EndProjectSection
EndProject
Global
	GlobalSection(SolutionConfigurationPlatforms) = preSolution
		Debug|Any CPU = Debug|Any CPU
		Release|Any CPU = Release|Any CPU
	EndGlobalSection
	GlobalSection(ProjectConfigurationPlatforms) = postSolution
		{47CF2F42-B11F-428F-BB59-7C9727F23C7D}.Debug|Any CPU.ActiveCfg = Debug|Any CPU
		{47CF2F42-B11F-428F-BB59-7C9727F23C7D}.Debug|Any CPU.Build.0 = Debug|Any CPU
		{47CF2F42-B11F-428F-BB59-7C9727F23C7D}.Release|Any CPU.ActiveCfg = Release|Any CPU
		{47CF2F42-B11F-428F-BB59-7C9727F23C7D}.Release|Any CPU.Build.0 = Release|Any CPU
		{0D536915-4E91-46DB-8235-5F4C7CC1065F}.Debug|Any CPU.ActiveCfg = Debug|Any CPU
		{0D536915-4E91-46DB-8235-5F4C7CC1065F}.Debug|Any CPU.Build.0 = Debug|Any CPU
		{0D536915-4E91-46DB-8235-5F4C7CC1065F}.Release|Any CPU.ActiveCfg = Release|Any CPU
		{0D536915-4E91-46DB-8235-5F4C7CC1065F}.Release|Any CPU.Build.0 = Release|Any CPU
	EndGlobalSection
	GlobalSection(SolutionProperties) = preSolution
		HideSolutionNode = FALSE
	EndGlobalSection
EndGlobal
